
Microsoft Visual Studio Solution File, Format Version 12.00
# Visual Studio Express 2012 for Windows Desktop
Project("{FAE04EC0-301F-11D3-BF4B-00C04F79EFBC}") = "MakerDen", "MakerDen\MakerDen.csproj", "{96DE5954-A764-491E-8460-2D3527C4F287}"
EndProject
Project("{FAE04EC0-301F-11D3-BF4B-00C04F79EFBC}") = "Glovebox.Netduino", "Glovebox.Netduino\Glovebox.Netduino.csproj", "{E7DB488B-500A-4054-9DB6-DA2465E106DB}"
EndProject
Project("{2150E333-8FDC-42A3-9474-1A3956D46DE8}") = ".nuget", ".nuget", "{CB86F225-2795-4130-801E-D33E1AD15FF8}"
	ProjectSection(SolutionItems) = preProject
		.nuget\NuGet.Config = .nuget\NuGet.Config
		.nuget\NuGet.exe = .nuget\NuGet.exe
		.nuget\NuGet.targets = .nuget\NuGet.targets
	EndProjectSection
EndProject
Project("{FAE04EC0-301F-11D3-BF4B-00C04F79EFBC}") = "Glovebox.MicroFramework", "Glovebox.MicroFramework\Glovebox.MicroFramework.csproj", "{FF0DFDCA-3531-4696-A805-D54A038816C8}"
EndProject
Project("{FAE04EC0-301F-11D3-BF4B-00C04F79EFBC}") = "Coatsy.Netduino", "Coatsy.MicroFramework\Coatsy.Netduino.csproj", "{A34CB0D9-D976-423D-B992-BF888CB8F4E8}"
EndProject
Project("{FAE04EC0-301F-11D3-BF4B-00C04F79EFBC}") = "LaughOMeter", "LaughOMeter\LaughOMeter.csproj", "{8E677A5E-C76C-4D4B-8167-DC9AB377D782}"
EndProject
Global
	GlobalSection(SolutionConfigurationPlatforms) = preSolution
		Debug|Any CPU = Debug|Any CPU
		Emulator|Any CPU = Emulator|Any CPU
		Release|Any CPU = Release|Any CPU
		RingOnly|Any CPU = RingOnly|Any CPU
	EndGlobalSection
	GlobalSection(ProjectConfigurationPlatforms) = postSolution
		{96DE5954-A764-491E-8460-2D3527C4F287}.Debug|Any CPU.ActiveCfg = Debug|Any CPU
		{96DE5954-A764-491E-8460-2D3527C4F287}.Debug|Any CPU.Build.0 = Debug|Any CPU
		{96DE5954-A764-491E-8460-2D3527C4F287}.Debug|Any CPU.Deploy.0 = Debug|Any CPU
		{96DE5954-A764-491E-8460-2D3527C4F287}.Emulator|Any CPU.ActiveCfg = Emulator|Any CPU
		{96DE5954-A764-491E-8460-2D3527C4F287}.Emulator|Any CPU.Build.0 = Emulator|Any CPU
		{96DE5954-A764-491E-8460-2D3527C4F287}.Emulator|Any CPU.Deploy.0 = Emulator|Any CPU
		{96DE5954-A764-491E-8460-2D3527C4F287}.Release|Any CPU.ActiveCfg = Release|Any CPU
		{96DE5954-A764-491E-8460-2D3527C4F287}.Release|Any CPU.Build.0 = Release|Any CPU
		{96DE5954-A764-491E-8460-2D3527C4F287}.Release|Any CPU.Deploy.0 = Release|Any CPU
		{96DE5954-A764-491E-8460-2D3527C4F287}.RingOnly|Any CPU.ActiveCfg = RingOnly|Any CPU
		{96DE5954-A764-491E-8460-2D3527C4F287}.RingOnly|Any CPU.Build.0 = RingOnly|Any CPU
		{96DE5954-A764-491E-8460-2D3527C4F287}.RingOnly|Any CPU.Deploy.0 = RingOnly|Any CPU
		{E7DB488B-500A-4054-9DB6-DA2465E106DB}.Debug|Any CPU.ActiveCfg = Debug|Any CPU
		{E7DB488B-500A-4054-9DB6-DA2465E106DB}.Debug|Any CPU.Build.0 = Debug|Any CPU
		{E7DB488B-500A-4054-9DB6-DA2465E106DB}.Debug|Any CPU.Deploy.0 = Debug|Any CPU
		{E7DB488B-500A-4054-9DB6-DA2465E106DB}.Emulator|Any CPU.ActiveCfg = Emulator|Any CPU
		{E7DB488B-500A-4054-9DB6-DA2465E106DB}.Emulator|Any CPU.Build.0 = Emulator|Any CPU
		{E7DB488B-500A-4054-9DB6-DA2465E106DB}.Emulator|Any CPU.Deploy.0 = Emulator|Any CPU
		{E7DB488B-500A-4054-9DB6-DA2465E106DB}.Release|Any CPU.ActiveCfg = Release|Any CPU
		{E7DB488B-500A-4054-9DB6-DA2465E106DB}.Release|Any CPU.Build.0 = Release|Any CPU
		{E7DB488B-500A-4054-9DB6-DA2465E106DB}.Release|Any CPU.Deploy.0 = Release|Any CPU
		{E7DB488B-500A-4054-9DB6-DA2465E106DB}.RingOnly|Any CPU.ActiveCfg = RingOnly|Any CPU
		{E7DB488B-500A-4054-9DB6-DA2465E106DB}.RingOnly|Any CPU.Build.0 = RingOnly|Any CPU
		{E7DB488B-500A-4054-9DB6-DA2465E106DB}.RingOnly|Any CPU.Deploy.0 = RingOnly|Any CPU
		{FF0DFDCA-3531-4696-A805-D54A038816C8}.Debug|Any CPU.ActiveCfg = Debug|Any CPU
		{FF0DFDCA-3531-4696-A805-D54A038816C8}.Debug|Any CPU.Build.0 = Debug|Any CPU
		{FF0DFDCA-3531-4696-A805-D54A038816C8}.Debug|Any CPU.Deploy.0 = Debug|Any CPU
		{FF0DFDCA-3531-4696-A805-D54A038816C8}.Emulator|Any CPU.ActiveCfg = Emulator|Any CPU
		{FF0DFDCA-3531-4696-A805-D54A038816C8}.Emulator|Any CPU.Build.0 = Emulator|Any CPU
		{FF0DFDCA-3531-4696-A805-D54A038816C8}.Emulator|Any CPU.Deploy.0 = Emulator|Any CPU
		{FF0DFDCA-3531-4696-A805-D54A038816C8}.Release|Any CPU.ActiveCfg = Release|Any CPU
		{FF0DFDCA-3531-4696-A805-D54A038816C8}.Release|Any CPU.Build.0 = Release|Any CPU
		{FF0DFDCA-3531-4696-A805-D54A038816C8}.Release|Any CPU.Deploy.0 = Release|Any CPU
		{FF0DFDCA-3531-4696-A805-D54A038816C8}.RingOnly|Any CPU.ActiveCfg = RingOnly|Any CPU
		{FF0DFDCA-3531-4696-A805-D54A038816C8}.RingOnly|Any CPU.Build.0 = RingOnly|Any CPU
		{FF0DFDCA-3531-4696-A805-D54A038816C8}.RingOnly|Any CPU.Deploy.0 = RingOnly|Any CPU
		{A34CB0D9-D976-423D-B992-BF888CB8F4E8}.Debug|Any CPU.ActiveCfg = Debug|Any CPU
		{A34CB0D9-D976-423D-B992-BF888CB8F4E8}.Debug|Any CPU.Build.0 = Debug|Any CPU
		{A34CB0D9-D976-423D-B992-BF888CB8F4E8}.Debug|Any CPU.Deploy.0 = Debug|Any CPU
		{A34CB0D9-D976-423D-B992-BF888CB8F4E8}.Emulator|Any CPU.ActiveCfg = Release|Any CPU
		{A34CB0D9-D976-423D-B992-BF888CB8F4E8}.Emulator|Any CPU.Build.0 = Release|Any CPU
		{A34CB0D9-D976-423D-B992-BF888CB8F4E8}.Emulator|Any CPU.Deploy.0 = Release|Any CPU
		{A34CB0D9-D976-423D-B992-BF888CB8F4E8}.Release|Any CPU.ActiveCfg = Release|Any CPU
		{A34CB0D9-D976-423D-B992-BF888CB8F4E8}.Release|Any CPU.Build.0 = Release|Any CPU
		{A34CB0D9-D976-423D-B992-BF888CB8F4E8}.Release|Any CPU.Deploy.0 = Release|Any CPU
		{A34CB0D9-D976-423D-B992-BF888CB8F4E8}.RingOnly|Any CPU.ActiveCfg = RingOnly|Any CPU
		{A34CB0D9-D976-423D-B992-BF888CB8F4E8}.RingOnly|Any CPU.Build.0 = RingOnly|Any CPU
		{A34CB0D9-D976-423D-B992-BF888CB8F4E8}.RingOnly|Any CPU.Deploy.0 = RingOnly|Any CPU
		{8E677A5E-C76C-4D4B-8167-DC9AB377D782}.Debug|Any CPU.ActiveCfg = Debug|Any CPU
		{8E677A5E-C76C-4D4B-8167-DC9AB377D782}.Debug|Any CPU.Build.0 = Debug|Any CPU
		{8E677A5E-C76C-4D4B-8167-DC9AB377D782}.Debug|Any CPU.Deploy.0 = Debug|Any CPU
		{8E677A5E-C76C-4D4B-8167-DC9AB377D782}.Emulator|Any CPU.ActiveCfg = Release|Any CPU
		{8E677A5E-C76C-4D4B-8167-DC9AB377D782}.Emulator|Any CPU.Build.0 = Release|Any CPU
		{8E677A5E-C76C-4D4B-8167-DC9AB377D782}.Emulator|Any CPU.Deploy.0 = Release|Any CPU
		{8E677A5E-C76C-4D4B-8167-DC9AB377D782}.Release|Any CPU.ActiveCfg = Release|Any CPU
		{8E677A5E-C76C-4D4B-8167-DC9AB377D782}.RingOnly|Any CPU.ActiveCfg = Release|Any CPU
		{8E677A5E-C76C-4D4B-8167-DC9AB377D782}.RingOnly|Any CPU.Build.0 = Release|Any CPU
		{8E677A5E-C76C-4D4B-8167-DC9AB377D782}.RingOnly|Any CPU.Deploy.0 = Release|Any CPU
	EndGlobalSection
	GlobalSection(SolutionProperties) = preSolution
		HideSolutionNode = FALSE
	EndGlobalSection
EndGlobal
